Microsoft Visual Studio Solution File, Format Version 12.00
# Visual Studio Version 16
VisualStudioVersion = 16.0.30711.63
MinimumVisualStudioVersion = 10.0.40219.1
Project("{8BC9CEB8-8B4A-11D0-8D11-00A0C91BC942}") = "MrcpV2ClientLibrary", "source\MrcpV2ClientLibrary.vcxproj", "{B246FDAC-CA2B-4DE9-9C6D-D562A63D4719}"
EndProject
Global
	GlobalSection(SolutionConfigurationPlatforms) = preSolution
		Debug|x86 = Debug|x86
		Release|x86 = Release|x86
	EndGlobalSection
	GlobalSection(ProjectConfigurationPlatforms) = postSolution
		{B246FDAC-CA2B-4DE9-9C6D-D562A63D4719}.Debug|x86.ActiveCfg = Debug|Win32
		{B246FDAC-CA2B-4DE9-9C6D-D562A63D4719}.Debug|x86.Build.0 = Debug|Win32
		{B246FDAC-CA2B-4DE9-9C6D-D562A63D4719}.Release|x86.ActiveCfg = Release|Win32
		{B246FDAC-CA2B-4DE9-9C6D-D562A63D4719}.Release|x86.Build.0 = Release|Win32
	EndGlobalSection
	GlobalSection(SolutionProperties) = preSolution
		HideSolutionNode = FALSE
	EndGlobalSection
	GlobalSection(ExtensibilityGlobals) = postSolution
		SolutionGuid = {F2C551FC-4664-4D5C-B13F-AB57364AD3FC}
	EndGlobalSection
EndGlobal
