<?xml version="1.0" encoding="utf-8"?>
<Project ToolsVersion="4.0" xmlns="http://schemas.microsoft.com/developer/msbuild/2003">
  <ItemGroup>
    <Filter Include="Source Files">
      <UniqueIdentifier>{7c759fd1-fefe-4888-b0c8-1e18bb366f7c}</UniqueIdentifier>
      <Extensions>cpp;c;cxx;rc;def;r;odl;idl;hpj;bat</Extensions>
    </Filter>
    <Filter Include="Header Files">
      <UniqueIdentifier>{4dce62b3-9ac7-4930-9248-1a02c79941a2}</UniqueIdentifier>
      <Extensions>h;hpp;hxx;hm;inl</Extensions>
    </Filter>
  </ItemGroup>
  <ItemGroup>
    <ClCompile Include="AMrcpEventHandler.cpp">
      <Filter>Source Files</Filter>
    </ClCompile>
    <ClCompile Include="AMrcpObserverSubject.cpp">
      <Filter>Source Files</Filter>
    </ClCompile>
    <ClCompile Include="AMrcpResource.cpp">
      <Filter>Source Files</Filter>
    </ClCompile>
    <ClCompile Include="AMrcpResourceState.cpp">
      <Filter>Source Files</Filter>
    </ClCompile>
    <ClCompile Include="AMrcpSignaling.cpp">
      <Filter>Source Files</Filter>
    </ClCompile>
    <ClCompile Include="AMrcpSignalingState.cpp">
      <Filter>Source Files</Filter>
    </ClCompile>
    <ClCompile Include="CGenericCommands.cpp">
      <Filter>Source Files</Filter>
    </ClCompile>
    <ClCompile Include="CLogger.cpp">
      <Filter>Source Files</Filter>
    </ClCompile>
    <ClCompile Include="CMrcpAudioStream.cpp">
      <Filter>Source Files</Filter>
    </ClCompile>
    <ClCompile Include="CMrcpCallbackTask.cpp">
      <Filter>Source Files</Filter>
    </ClCompile>
    <ClCompile Include="CMrcpCmdIdMgr.cpp">
      <Filter>Source Files</Filter>
    </ClCompile>
    <ClCompile Include="CMrcpEvent.cpp">
      <Filter>Source Files</Filter>
    </ClCompile>
    <ClCompile Include="CMrcpGeneric.cpp">
      <Filter>Source Files</Filter>
    </ClCompile>
    <ClCompile Include="CMrcpHandleMgr.cpp">
      <Filter>Source Files</Filter>
    </ClCompile>
    <ClCompile Include="CMrcpProcessCommandResults.cpp">
      <Filter>Source Files</Filter>
    </ClCompile>
    <ClCompile Include="CMrcpProcessSipMsgs.cpp">
      <Filter>Source Files</Filter>
    </ClCompile>
    <ClCompile Include="CMrcpResourceState.cpp">
      <Filter>Source Files</Filter>
    </ClCompile>
    <ClCompile Include="CMrcpRtp.cpp">
      <Filter>Source Files</Filter>
    </ClCompile>
    <ClCompile Include="CMrcpRtpMgr.cpp">
      <Filter>Source Files</Filter>
    </ClCompile>
    <ClCompile Include="CMrcpRtspSignal.cpp">
      <Filter>Source Files</Filter>
    </ClCompile>
    <ClCompile Include="CMrcpSendCommand.cpp">
      <Filter>Source Files</Filter>
    </ClCompile>
    <ClCompile Include="CMrcpSession.cpp">
      <Filter>Source Files</Filter>
    </ClCompile>
    <ClCompile Include="CMrcpSessionMgr.cpp">
      <Filter>Source Files</Filter>
    </ClCompile>
    <ClCompile Include="CMrcpSignalingStates.cpp">
      <Filter>Source Files</Filter>
    </ClCompile>
    <ClCompile Include="CMrcpSipSignal.cpp">
      <Filter>Source Files</Filter>
    </ClCompile>
    <ClCompile Include="CMrcpSystem.cpp">
      <Filter>Source Files</Filter>
    </ClCompile>
    <ClCompile Include="CMrcpTaskProcessor.cpp">
      <Filter>Source Files</Filter>
    </ClCompile>
    <ClCompile Include="CRecognitionCommands.cpp">
      <Filter>Source Files</Filter>
    </ClCompile>
    <ClCompile Include="CSpeakCommands.cpp">
      <Filter>Source Files</Filter>
    </ClCompile>
    <ClCompile Include="CSpeechRecognizer.cpp">
      <Filter>Source Files</Filter>
    </ClCompile>
    <ClCompile Include="CSpeechSynthesizer.cpp">
      <Filter>Source Files</Filter>
    </ClCompile>
    <ClCompile Include="MrcpTasks.cpp">
      <Filter>Source Files</Filter>
    </ClCompile>
    <ClCompile Include="MrcpUtils.cpp">
      <Filter>Source Files</Filter>
    </ClCompile>
  </ItemGroup>
  <ItemGroup>
    <ClInclude Include="AMrcpEventHandler.h">
      <Filter>Header Files</Filter>
    </ClInclude>
    <ClInclude Include="AMrcpObserverSubject.h">
      <Filter>Header Files</Filter>
    </ClInclude>
    <ClInclude Include="AMrcpResource.h">
      <Filter>Header Files</Filter>
    </ClInclude>
    <ClInclude Include="AMrcpResourceState.h">
      <Filter>Header Files</Filter>
    </ClInclude>
    <ClInclude Include="AMrcpSignaling.h">
      <Filter>Header Files</Filter>
    </ClInclude>
    <ClInclude Include="AMrcpSignalingState.h">
      <Filter>Header Files</Filter>
    </ClInclude>
    <ClInclude Include="CAudioContainer.h">
      <Filter>Header Files</Filter>
    </ClInclude>
    <ClInclude Include="CGenericCommands.h">
      <Filter>Header Files</Filter>
    </ClInclude>
    <ClInclude Include="ClientInterfaceDefs.h">
      <Filter>Header Files</Filter>
    </ClInclude>
    <ClInclude Include="CLogger.h">
      <Filter>Header Files</Filter>
    </ClInclude>
    <ClInclude Include="CLogger_imp.h">
      <Filter>Header Files</Filter>
    </ClInclude>
    <ClInclude Include="CMrcpAudioStream.h">
      <Filter>Header Files</Filter>
    </ClInclude>
    <ClInclude Include="CMrcpCallbackTask.h">
      <Filter>Header Files</Filter>
    </ClInclude>
    <ClInclude Include="CMrcpCmdIdMgr.h">
      <Filter>Header Files</Filter>
    </ClInclude>
    <ClInclude Include="CMrcpEvent.h">
      <Filter>Header Files</Filter>
    </ClInclude>
    <ClInclude Include="CMrcpGeneric.h">
      <Filter>Header Files</Filter>
    </ClInclude>
    <ClInclude Include="CMrcpHandleMgr.h">
      <Filter>Header Files</Filter>
    </ClInclude>
    <ClInclude Include="CMrcpProcessSipMsgs.h">
      <Filter>Header Files</Filter>
    </ClInclude>
    <ClInclude Include="CMrcpResourceState.h">
      <Filter>Header Files</Filter>
    </ClInclude>
    <ClInclude Include="CMrcpRtp.h">
      <Filter>Header Files</Filter>
    </ClInclude>
    <ClInclude Include="CMrcpRtpMgr.h">
      <Filter>Header Files</Filter>
    </ClInclude>
    <ClInclude Include="CMrcpRtspSignal.h">
      <Filter>Header Files</Filter>
    </ClInclude>
    <ClInclude Include="CMrcpSendCommand.h">
      <Filter>Header Files</Filter>
    </ClInclude>
    <ClInclude Include="CMrcpSession.h">
      <Filter>Header Files</Filter>
    </ClInclude>
    <ClInclude Include="CMrcpSessionMgr.h">
      <Filter>Header Files</Filter>
    </ClInclude>
    <ClInclude Include="CMrcpSignalingStates.h">
      <Filter>Header Files</Filter>
    </ClInclude>
    <ClInclude Include="CMrcpSipSignal.h">
      <Filter>Header Files</Filter>
    </ClInclude>
    <ClInclude Include="CMrcpSystem.h">
      <Filter>Header Files</Filter>
    </ClInclude>
    <ClInclude Include="CMrcpTaskProcessor.h">
      <Filter>Header Files</Filter>
    </ClInclude>
    <ClInclude Include="CRecognitionCommands.h">
      <Filter>Header Files</Filter>
    </ClInclude>
    <ClInclude Include="CSpeakCommands.h">
      <Filter>Header Files</Filter>
    </ClInclude>
    <ClInclude Include="CSpeechRecognizer.h">
      <Filter>Header Files</Filter>
    </ClInclude>
    <ClInclude Include="CSpeechSynthesizer.h">
      <Filter>Header Files</Filter>
    </ClInclude>
    <ClInclude Include="LoggerDefs.h">
      <Filter>Header Files</Filter>
    </ClInclude>
    <ClInclude Include="MrcpClientEvents.h">
      <Filter>Header Files</Filter>
    </ClInclude>
    <ClInclude Include="MrcpTasks.h">
      <Filter>Header Files</Filter>
    </ClInclude>
    <ClInclude Include="MrcpUtils.h">
      <Filter>Header Files</Filter>
    </ClInclude>
    <ClInclude Include="Singleton.h">
      <Filter>Header Files</Filter>
    </ClInclude>
    <ClInclude Include="TypeDefs.h">
      <Filter>Header Files</Filter>
    </ClInclude>
    <ClInclude Include="Utility.h">
      <Filter>Header Files</Filter>
    </ClInclude>
    <ClInclude Include="Utility_imp.h">
      <Filter>Header Files</Filter>
    </ClInclude>
  </ItemGroup>
</Project>